schema: '2.0'
stages:
  ingestion:
    cmd: python src/ingestion/ingestion.py
    deps:
    - path: data/donnees_synthetiques.csv
      hash: md5
      md5: 10e799deb4c5a91f0f1b93653583fe93
      size: 25894537
    - path: params.yaml
      hash: md5
      md5: 8621795c5f1733fc395a477ffac373e4
      size: 1091
    - path: src/ingestion/ingestion.py
      hash: md5
      md5: aa4f6c76b04dc7ef4dd9040d3cf6a9e9
      size: 3851
    outs:
    - path: data/raw/ingested_data.csv
      hash: md5
      md5: c685ec98d70c4e9dc84c461647cb9f8e
      size: 25488217
  preprocessing:
    cmd: python src/preprocessing/preprocessing.py
    deps:
    - path: data/raw/ingested_data.csv
      hash: md5
      md5: c685ec98d70c4e9dc84c461647cb9f8e
      size: 25488217
    - path: params.yaml
      hash: md5
      md5: 8621795c5f1733fc395a477ffac373e4
      size: 1091
    - path: src/preprocessing/preprocessing.py
      hash: md5
      md5: 605635befe4146daf7b06065519aec18
      size: 4666
    outs:
    - path: data/processed/preprocessed_data.csv
      hash: md5
      md5: 42f313f5c574ff922d21ba017ce1d1b4
      size: 21298895
  training:
    cmd: python src/training/training.py
    deps:
    - path: data/processed/preprocessed_data.csv
      hash: md5
      md5: 42f313f5c574ff922d21ba017ce1d1b4
      size: 21298895
    - path: params.yaml
      hash: md5
      md5: 8621795c5f1733fc395a477ffac373e4
      size: 1091
    - path: src/training/training.py
      hash: md5
      md5: b58bf8d5c34e9b98ea59087e5562bd69
      size: 6716
